
Microsoft Visual Studio Solution File, Format Version 12.00
# Visual Studio Version 16
VisualStudioVersion = 16.0.29411.108
MinimumVisualStudioVersion = 10.0.40219.1
Project("{FAE04EC0-301F-11D3-BF4B-00C04F79EFBC}") = "Froom", "Froom\Froom.csproj", "{CA1C795B-0EC0-4BFB-920D-0C5A603006BE}"
EndProject
Project("{FAE04EC0-301F-11D3-BF4B-00C04F79EFBC}") = "Froom.Data", "Froom.Data\Froom.Data.csproj", "{8537E230-2961-44CC-8F20-816C01253D39}"
EndProject
Global
	GlobalSection(SolutionConfigurationPlatforms) = preSolution
		Debug|Any CPU = Debug|Any CPU
		Release|Any CPU = Release|Any CPU
	EndGlobalSection
	GlobalSection(ProjectConfigurationPlatforms) = postSolution
		{CA1C795B-0EC0-4BFB-920D-0C5A603006BE}.Debug|Any CPU.ActiveCfg = Debug|Any CPU
		{CA1C795B-0EC0-4BFB-920D-0C5A603006BE}.Debug|Any CPU.Build.0 = Debug|Any CPU
		{CA1C795B-0EC0-4BFB-920D-0C5A603006BE}.Release|Any CPU.ActiveCfg = Release|Any CPU
		{CA1C795B-0EC0-4BFB-920D-0C5A603006BE}.Release|Any CPU.Build.0 = Release|Any CPU
		{8537E230-2961-44CC-8F20-816C01253D39}.Debug|Any CPU.ActiveCfg = Debug|Any CPU
		{8537E230-2961-44CC-8F20-816C01253D39}.Debug|Any CPU.Build.0 = Debug|Any CPU
		{8537E230-2961-44CC-8F20-816C01253D39}.Release|Any CPU.ActiveCfg = Release|Any CPU
		{8537E230-2961-44CC-8F20-816C01253D39}.Release|Any CPU.Build.0 = Release|Any CPU
	EndGlobalSection
	GlobalSection(SolutionProperties) = preSolution
		HideSolutionNode = FALSE
	EndGlobalSection
	GlobalSection(ExtensibilityGlobals) = postSolution
		SolutionGuid = {182C974D-499F-4AC9-933C-DCB6ABED2CDB}
	EndGlobalSection
EndGlobal
